// !$*UTF8*$!
{
	archiveVersion = 1;
	classes = {
	};
	objectVersion = 50;
	objects = {

/* Begin PBXBuildFile section */
		550CC1B920727D46004914DB /* Board.swift in Sources */ = {isa = PBXBuildFile; fileRef = 550CC1B820727D46004914DB /* Board.swift */; };
		5513B4F82093818C000F3185 /* GameplayTests.swift in Sources */ = {isa = PBXBuildFile; fileRef = 5513B4F72093818C000F3185 /* GameplayTests.swift */; };
		5513B4FA2093822F000F3185 /* TestCase.swift in Sources */ = {isa = PBXBuildFile; fileRef = 5513B4F92093822F000F3185 /* TestCase.swift */; };
		55798BD82048782F00EB7F2F /* AppDelegate.swift in Sources */ = {isa = PBXBuildFile; fileRef = 55798BD72048782F00EB7F2F /* AppDelegate.swift */; };
		55798BDA2048782F00EB7F2F /* BoardViewController.swift in Sources */ = {isa = PBXBuildFile; fileRef = 55798BD92048782F00EB7F2F /* BoardViewController.swift */; };
		55798BDD2048782F00EB7F2F /* Main.storyboard in Resources */ = {isa = PBXBuildFile; fileRef = 55798BDB2048782F00EB7F2F /* Main.storyboard */; };
		55798BDF2048782F00EB7F2F /* Assets.xcassets in Resources */ = {isa = PBXBuildFile; fileRef = 55798BDE2048782F00EB7F2F /* Assets.xcassets */; };
		55798BE22048782F00EB7F2F /* LaunchScreen.storyboard in Resources */ = {isa = PBXBuildFile; fileRef = 55798BE02048782F00EB7F2F /* LaunchScreen.storyboard */; };
		55798BF02048783E00EB7F2F /* BoardLayoutTests.swift in Sources */ = {isa = PBXBuildFile; fileRef = 55798BEF2048783E00EB7F2F /* BoardLayoutTests.swift */; };
		558D526A2049C4DB004721D4 /* CircleView.swift in Sources */ = {isa = PBXBuildFile; fileRef = 558D52692049C4DB004721D4 /* CircleView.swift */; };
		55E95AF720CAF5CB00E459F9 /* Localizable.strings in Resources */ = {isa = PBXBuildFile; fileRef = 55E95AF920CAF5CB00E459F9 /* Localizable.strings */; };
/* End PBXBuildFile section */

/* Begin PBXContainerItemProxy section */
		55798BF22048783E00EB7F2F /* PBXContainerItemProxy */ = {
			isa = PBXContainerItemProxy;
			containerPortal = 55798BCC2048782F00EB7F2F /* Project object */;
			proxyType = 1;
			remoteGlobalIDString = 55798BD32048782F00EB7F2F;
			remoteInfo = Game;
		};
/* End PBXContainerItemProxy section */

/* Begin PBXFileReference section */
		550CC1B820727D46004914DB /* Board.swift */ = {isa = PBXFileReference; lastKnownFileType = sourcecode.swift; path = Board.swift; sourceTree = "<group>"; };
		5513B4F72093818C000F3185 /* GameplayTests.swift */ = {isa = PBXFileReference; lastKnownFileType = sourcecode.swift; path = GameplayTests.swift; sourceTree = "<group>"; };
		5513B4F92093822F000F3185 /* TestCase.swift */ = {isa = PBXFileReference; lastKnownFileType = sourcecode.swift; path = TestCase.swift; sourceTree = "<group>"; };
		55798BD42048782F00EB7F2F /* Game.app */ = {isa = PBXFileReference; explicitFileType = wrapper.application; includeInIndex = 0; path = Game.app; sourceTree = BUILT_PRODUCTS_DIR; };
		55798BD72048782F00EB7F2F /* AppDelegate.swift */ = {isa = PBXFileReference; lastKnownFileType = sourcecode.swift; path = AppDelegate.swift; sourceTree = "<group>"; };
		55798BD92048782F00EB7F2F /* BoardViewController.swift */ = {isa = PBXFileReference; lastKnownFileType = sourcecode.swift; path = BoardViewController.swift; sourceTree = "<group>"; };
		55798BDC2048782F00EB7F2F /* Base */ = {isa = PBXFileReference; lastKnownFileType = file.storyboard; name = Base; path = Base.lproj/Main.storyboard; sourceTree = "<group>"; };
		55798BDE2048782F00EB7F2F /* Assets.xcassets */ = {isa = PBXFileReference; lastKnownFileType = folder.assetcatalog; path = Assets.xcassets; sourceTree = "<group>"; };
		55798BE12048782F00EB7F2F /* Base */ = {isa = PBXFileReference; lastKnownFileType = file.storyboard; name = Base; path = Base.lproj/LaunchScreen.storyboard; sourceTree = "<group>"; };
		55798BE32048782F00EB7F2F /* Info.plist */ = {isa = PBXFileReference; lastKnownFileType = text.plist.xml; path = Info.plist; sourceTree = "<group>"; };
		55798BED2048783D00EB7F2F /* GameTests.xctest */ = {isa = PBXFileReference; explicitFileType = wrapper.cfbundle; includeInIndex = 0; path = GameTests.xctest; sourceTree = BUILT_PRODUCTS_DIR; };
		55798BEF2048783E00EB7F2F /* BoardLayoutTests.swift */ = {isa = PBXFileReference; lastKnownFileType = sourcecode.swift; path = BoardLayoutTests.swift; sourceTree = "<group>"; };
		55798BF12048783E00EB7F2F /* Info.plist */ = {isa = PBXFileReference; lastKnownFileType = text.plist.xml; path = Info.plist; sourceTree = "<group>"; };
		558D52692049C4DB004721D4 /* CircleView.swift */ = {isa = PBXFileReference; lastKnownFileType = sourcecode.swift; path = CircleView.swift; sourceTree = "<group>"; };
		55E95AF820CAF5CB00E459F9 /* en */ = {isa = PBXFileReference; lastKnownFileType = text.plist.strings; name = en; path = en.lproj/Localizable.strings; sourceTree = "<group>"; };
/* End PBXFileReference section */

/* Begin PBXFrameworksBuildPhase section */
		55798BD12048782F00EB7F2F /* Frameworks */ = {
			isa = PBXFrameworksBuildPhase;
			buildActionMask = 2147483647;
			files = (
			);
			runOnlyForDeploymentPostprocessing = 0;
		};
		55798BEA2048783D00EB7F2F /* Frameworks */ = {
			isa = PBXFrameworksBuildPhase;
			buildActionMask = 2147483647;
			files = (
			);
			runOnlyForDeploymentPostprocessing = 0;
		};
/* End PBXFrameworksBuildPhase section */

/* Begin PBXGroup section */
		55798BCB2048782F00EB7F2F = {
			isa = PBXGroup;
			children = (
				55798BD62048782F00EB7F2F /* Game */,
				55798BEE2048783E00EB7F2F /* GameTests */,
				55798BD52048782F00EB7F2F /* Products */,
			);
			sourceTree = "<group>";
		};
		55798BD52048782F00EB7F2F /* Products */ = {
			isa = PBXGroup;
			children = (
				55798BD42048782F00EB7F2F /* Game.app */,
				55798BED2048783D00EB7F2F /* GameTests.xctest */,
			);
			name = Products;
			sourceTree = "<group>";
		};
		55798BD62048782F00EB7F2F /* Game */ = {
			isa = PBXGroup;
			children = (
				55798BE02048782F00EB7F2F /* LaunchScreen.storyboard */,
				55798BDB2048782F00EB7F2F /* Main.storyboard */,
				55798BD72048782F00EB7F2F /* AppDelegate.swift */,
				550CC1B820727D46004914DB /* Board.swift */,
				55798BD92048782F00EB7F2F /* BoardViewController.swift */,
				558D52692049C4DB004721D4 /* CircleView.swift */,
				55798BDE2048782F00EB7F2F /* Assets.xcassets */,
				55798BE32048782F00EB7F2F /* Info.plist */,
				55E95AF920CAF5CB00E459F9 /* Localizable.strings */,
			);
			path = Game;
			sourceTree = "<group>";
		};
		55798BEE2048783E00EB7F2F /* GameTests */ = {
			isa = PBXGroup;
			children = (
				55798BEF2048783E00EB7F2F /* BoardLayoutTests.swift */,
				5513B4F72093818C000F3185 /* GameplayTests.swift */,
				5513B4F92093822F000F3185 /* TestCase.swift */,
				55798BF12048783E00EB7F2F /* Info.plist */,
			);
			path = GameTests;
			sourceTree = "<group>";
		};
/* End PBXGroup section */

/* Begin PBXNativeTarget section */
		55798BD32048782F00EB7F2F /* Game */ = {
			isa = PBXNativeTarget;
			buildConfigurationList = 55798BE62048782F00EB7F2F /* Build configuration list for PBXNativeTarget "Game" */;
			buildPhases = (
				5587265E20E12B75000E151D /* Run SwiftLint */,
				55798BD02048782F00EB7F2F /* Sources */,
				55798BD12048782F00EB7F2F /* Frameworks */,
				55798BD22048782F00EB7F2F /* Resources */,
			);
			buildRules = (
			);
			dependencies = (
			);
			name = Game;
			productName = Game;
			productReference = 55798BD42048782F00EB7F2F /* Game.app */;
			productType = "com.apple.product-type.application";
		};
		55798BEC2048783D00EB7F2F /* GameTests */ = {
			isa = PBXNativeTarget;
			buildConfigurationList = 55798BF42048783E00EB7F2F /* Build configuration list for PBXNativeTarget "GameTests" */;
			buildPhases = (
				55798BE92048783D00EB7F2F /* Sources */,
				55798BEA2048783D00EB7F2F /* Frameworks */,
				55798BEB2048783D00EB7F2F /* Resources */,
			);
			buildRules = (
			);
			dependencies = (
				55798BF32048783E00EB7F2F /* PBXTargetDependency */,
			);
			name = GameTests;
			productName = GameTests;
			productReference = 55798BED2048783D00EB7F2F /* GameTests.xctest */;
			productType = "com.apple.product-type.bundle.ui-testing";
		};
/* End PBXNativeTarget section */

/* Begin PBXProject section */
		55798BCC2048782F00EB7F2F /* Project object */ = {
			isa = PBXProject;
			attributes = {
				LastSwiftUpdateCheck = 0930;
				LastUpgradeCheck = 0930;
				ORGANIZATIONNAME = "Orlando Cossia Castiglioni";
				TargetAttributes = {
					55798BD32048782F00EB7F2F = {
						CreatedOnToolsVersion = 9.3;
						LastSwiftMigration = 1000;
						ProvisioningStyle = Automatic;
					};
					55798BEC2048783D00EB7F2F = {
						CreatedOnToolsVersion = 9.3;
						LastSwiftMigration = 1000;
						ProvisioningStyle = Automatic;
						TestTargetID = 55798BD32048782F00EB7F2F;
					};
				};
			};
			buildConfigurationList = 55798BCF2048782F00EB7F2F /* Build configuration list for PBXProject "Game" */;
			compatibilityVersion = "Xcode 9.3";
			developmentRegion = en;
			hasScannedForEncodings = 0;
			knownRegions = (
				en,
				Base,
			);
			mainGroup = 55798BCB2048782F00EB7F2F;
			productRefGroup = 55798BD52048782F00EB7F2F /* Products */;
			projectDirPath = "";
			projectRoot = "";
			targets = (
				55798BD32048782F00EB7F2F /* Game */,
				55798BEC2048783D00EB7F2F /* GameTests */,
			);
		};
/* End PBXProject section */

/* Begin PBXResourcesBuildPhase section */
		55798BD22048782F00EB7F2F /* Resources */ = {
			isa = PBXResourcesBuildPhase;
			buildActionMask = 2147483647;
			files = (
				55798BE22048782F00EB7F2F /* LaunchScreen.storyboard in Resources */,
				55E95AF720CAF5CB00E459F9 /* Localizable.strings in Resources */,
				55798BDF2048782F00EB7F2F /* Assets.xcassets in Resources */,
				55798BDD2048782F00EB7F2F /* Main.storyboard in Resources */,
			);
			runOnlyForDeploymentPostprocessing = 0;
		};
		55798BEB2048783D00EB7F2F /* Resources */ = {
			isa = PBXResourcesBuildPhase;
			buildActionMask = 2147483647;
			files = (
			);
			runOnlyForDeploymentPostprocessing = 0;
		};
/* End PBXResourcesBuildPhase section */

/* Begin PBXShellScriptBuildPhase section */
		5587265E20E12B75000E151D /* Run SwiftLint */ = {
			isa = PBXShellScriptBuildPhase;
			buildActionMask = 2147483647;
			files = (
			);
			inputPaths = (
			);
			name = "Run SwiftLint";
			outputPaths = (
			);
			runOnlyForDeploymentPostprocessing = 0;
			shellPath = "/bin/sh -e";
			shellScript = swiftlint;
			showEnvVarsInLog = 0;
		};
/* End PBXShellScriptBuildPhase section */

/* Begin PBXSourcesBuildPhase section */
		55798BD02048782F00EB7F2F /* Sources */ = {
			isa = PBXSourcesBuildPhase;
			buildActionMask = 2147483647;
			files = (
				558D526A2049C4DB004721D4 /* CircleView.swift in Sources */,
				55798BDA2048782F00EB7F2F /* BoardViewController.swift in Sources */,
				550CC1B920727D46004914DB /* Board.swift in Sources */,
				55798BD82048782F00EB7F2F /* AppDelegate.swift in Sources */,
			);
			runOnlyForDeploymentPostprocessing = 0;
		};
		55798BE92048783D00EB7F2F /* Sources */ = {
			isa = PBXSourcesBuildPhase;
			buildActionMask = 2147483647;
			files = (
				55798BF02048783E00EB7F2F /* BoardLayoutTests.swift in Sources */,
				5513B4F82093818C000F3185 /* GameplayTests.swift in Sources */,
				5513B4FA2093822F000F3185 /* TestCase.swift in Sources */,
			);
			runOnlyForDeploymentPostprocessing = 0;
		};
/* End PBXSourcesBuildPhase section */

/* Begin PBXTargetDependency section */
		55798BF32048783E00EB7F2F /* PBXTargetDependency */ = {
			isa = PBXTargetDependency;
			target = 55798BD32048782F00EB7F2F /* Game */;
			targetProxy = 55798BF22048783E00EB7F2F /* PBXContainerItemProxy */;
		};
/* End PBXTargetDependency section */

/* Begin PBXVariantGroup section */
		55798BDB2048782F00EB7F2F /* Main.storyboard */ = {
			isa = PBXVariantGroup;
			children = (
				55798BDC2048782F00EB7F2F /* Base */,
			);
			name = Main.storyboard;
			sourceTree = "<group>";
		};
		55798BE02048782F00EB7F2F /* LaunchScreen.storyboard */ = {
			isa = PBXVariantGroup;
			children = (
				55798BE12048782F00EB7F2F /* Base */,
			);
			name = LaunchScreen.storyboard;
			sourceTree = "<group>";
		};
		55E95AF920CAF5CB00E459F9 /* Localizable.strings */ = {
			isa = PBXVariantGroup;
			children = (
				55E95AF820CAF5CB00E459F9 /* en */,
			);
			name = Localizable.strings;
			sourceTree = "<group>";
		};
/* End PBXVariantGroup section */

/* Begin XCBuildConfiguration section */
		55798BE42048782F00EB7F2F /* Debug */ = {
			isa = XCBuildConfiguration;
			buildSettings = {
				ALWAYS_SEARCH_USER_PATHS = NO;
				CLANG_ANALYZER_NONNULL = YES;
				CLANG_ANALYZER_NUMBER_OBJECT_CONVERSION = YES_AGGRESSIVE;
				CLANG_CXX_LANGUAGE_STANDARD = "gnu++14";
				CLANG_CXX_LIBRARY = "libc++";
				CLANG_ENABLE_MODULES = YES;
				CLANG_ENABLE_OBJC_ARC = YES;
				CLANG_ENABLE_OBJC_WEAK = YES;
				CLANG_WARN_BLOCK_CAPTURE_AUTORELEASING = YES;
				CLANG_WARN_BOOL_CONVERSION = YES;
				CLANG_WARN_COMMA = YES;
				CLANG_WARN_CONSTANT_CONVERSION = YES;
				CLANG_WARN_DEPRECATED_OBJC_IMPLEMENTATIONS = YES;
				CLANG_WARN_DIRECT_OBJC_ISA_USAGE = YES_ERROR;
				CLANG_WARN_DOCUMENTATION_COMMENTS = YES;
				CLANG_WARN_EMPTY_BODY = YES;
				CLANG_WARN_ENUM_CONVERSION = YES;
				CLANG_WARN_INFINITE_RECURSION = YES;
				CLANG_WARN_INT_CONVERSION = YES;
				CLANG_WARN_NON_LITERAL_NULL_CONVERSION = YES;
				CLANG_WARN_OBJC_IMPLICIT_RETAIN_SELF = YES;
				CLANG_WARN_OBJC_LITERAL_CONVERSION = YES;
				CLANG_WARN_OBJC_ROOT_CLASS = YES_ERROR;
				CLANG_WARN_RANGE_LOOP_ANALYSIS = YES;
				CLANG_WARN_STRICT_PROTOTYPES = YES;
				CLANG_WARN_SUSPICIOUS_MOVE = YES;
				CLANG_WARN_UNGUARDED_AVAILABILITY = YES_AGGRESSIVE;
				CLANG_WARN_UNREACHABLE_CODE = YES;
				CLANG_WARN__DUPLICATE_METHOD_MATCH = YES;
				CODE_SIGN_IDENTITY = "iPhone Developer";
				COPY_PHASE_STRIP = NO;
				DEBUG_INFORMATION_FORMAT = dwarf;
				ENABLE_STRICT_OBJC_MSGSEND = YES;
				ENABLE_TESTABILITY = YES;
				GCC_C_LANGUAGE_STANDARD = gnu11;
				GCC_DYNAMIC_NO_PIC = NO;
				GCC_NO_COMMON_BLOCKS = YES;
				GCC_OPTIMIZATION_LEVEL = 0;
				GCC_PREPROCESSOR_DEFINITIONS = (
					"DEBUG=1",
					"$(inherited)",
				);
				GCC_WARN_64_TO_32_BIT_CONVERSION = YES;
				GCC_WARN_ABOUT_RETURN_TYPE = YES_ERROR;
				GCC_WARN_UNDECLARED_SELECTOR = YES;
				GCC_WARN_UNINITIALIZED_AUTOS = YES_AGGRESSIVE;
				GCC_WARN_UNUSED_FUNCTION = YES;
				GCC_WARN_UNUSED_VARIABLE = YES;
				IPHONEOS_DEPLOYMENT_TARGET = 11.0;
				MTL_ENABLE_DEBUG_INFO = YES;
				ONLY_ACTIVE_ARCH = YES;
				SDKROOT = iphoneos;
				SWIFT_ACTIVE_COMPILATION_CONDITIONS = DEBUG;
				SWIFT_OPTIMIZATION_LEVEL = "-Onone";
			};
			name = Debug;
		};
		55798BE52048782F00EB7F2F /* Release */ = {
			isa = XCBuildConfiguration;
			buildSettings = {
				ALWAYS_SEARCH_USER_PATHS = NO;
				CLANG_ANALYZER_NONNULL = YES;
				CLANG_ANALYZER_NUMBER_OBJECT_CONVERSION = YES_AGGRESSIVE;
				CLANG_CXX_LANGUAGE_STANDARD = "gnu++14";
				CLANG_CXX_LIBRARY = "libc++";
				CLANG_ENABLE_MODULES = YES;
				CLANG_ENABLE_OBJC_ARC = YES;
				CLANG_ENABLE_OBJC_WEAK = YES;
				CLANG_WARN_BLOCK_CAPTURE_AUTORELEASING = YES;
				CLANG_WARN_BOOL_CONVERSION = YES;
				CLANG_WARN_COMMA = YES;
				CLANG_WARN_CONSTANT_CONVERSION = YES;
				CLANG_WARN_DEPRECATED_OBJC_IMPLEMENTATIONS = YES;
				CLANG_WARN_DIRECT_OBJC_ISA_USAGE = YES_ERROR;
				CLANG_WARN_DOCUMENTATION_COMMENTS = YES;
				CLANG_WARN_EMPTY_BODY = YES;
				CLANG_WARN_ENUM_CONVERSION = YES;
				CLANG_WARN_INFINITE_RECURSION = YES;
				CLANG_WARN_INT_CONVERSION = YES;
				CLANG_WARN_NON_LITERAL_NULL_CONVERSION = YES;
				CLANG_WARN_OBJC_IMPLICIT_RETAIN_SELF = YES;
				CLANG_WARN_OBJC_LITERAL_CONVERSION = YES;
				CLANG_WARN_OBJC_ROOT_CLASS = YES_ERROR;
				CLANG_WARN_RANGE_LOOP_ANALYSIS = YES;
				CLANG_WARN_STRICT_PROTOTYPES = YES;
				CLANG_WARN_SUSPICIOUS_MOVE = YES;
				CLANG_WARN_UNGUARDED_AVAILABILITY = YES_AGGRESSIVE;
				CLANG_WARN_UNREACHABLE_CODE = YES;
				CLANG_WARN__DUPLICATE_METHOD_MATCH = YES;
				CODE_SIGN_IDENTITY = "iPhone Developer";
				COPY_PHASE_STRIP = NO;
				DEBUG_INFORMATION_FORMAT = "dwarf-with-dsym";
				ENABLE_NS_ASSERTIONS = NO;
				ENABLE_STRICT_OBJC_MSGSEND = YES;
				GCC_C_LANGUAGE_STANDARD = gnu11;
				GCC_NO_COMMON_BLOCKS = YES;
				GCC_WARN_64_TO_32_BIT_CONVERSION = YES;
				GCC_WARN_ABOUT_RETURN_TYPE = YES_ERROR;
				GCC_WARN_UNDECLARED_SELECTOR = YES;
				GCC_WARN_UNINITIALIZED_AUTOS = YES_AGGRESSIVE;
				GCC_WARN_UNUSED_FUNCTION = YES;
				GCC_WARN_UNUSED_VARIABLE = YES;
				IPHONEOS_DEPLOYMENT_TARGET = 11.0;
				MTL_ENABLE_DEBUG_INFO = NO;
				SDKROOT = iphoneos;
				SWIFT_COMPILATION_MODE = wholemodule;
				SWIFT_OPTIMIZATION_LEVEL = "-O";
				VALIDATE_PRODUCT = YES;
			};
			name = Release;
		};
		55798BE72048782F00EB7F2F /* Debug */ = {
			isa = XCBuildConfiguration;
			buildSettings = {
				ASSETCATALOG_COMPILER_APPICON_NAME = AppIcon;
				CODE_SIGN_STYLE = Automatic;
				DEVELOPMENT_TEAM = LVYGD8LLE9;
				INFOPLIST_FILE = Game/Info.plist;
				LD_RUNPATH_SEARCH_PATHS = (
					"$(inherited)",
					"@executable_path/Frameworks",
				);
				PRODUCT_BUNDLE_IDENTIFIER = com.occ.Game;
				PRODUCT_NAME = "$(TARGET_NAME)";
				SWIFT_VERSION = 4.2;
				TARGETED_DEVICE_FAMILY = "1,2";
			};
			name = Debug;
		};
		55798BE82048782F00EB7F2F /* Release */ = {
			isa = XCBuildConfiguration;
			buildSettings = {
				ASSETCATALOG_COMPILER_APPICON_NAME = AppIcon;
				CODE_SIGN_STYLE = Automatic;
				DEVELOPMENT_TEAM = LVYGD8LLE9;
				INFOPLIST_FILE = Game/Info.plist;
				LD_RUNPATH_SEARCH_PATHS = (
					"$(inherited)",
					"@executable_path/Frameworks",
				);
				PRODUCT_BUNDLE_IDENTIFIER = com.occ.Game;
				PRODUCT_NAME = "$(TARGET_NAME)";
				SWIFT_VERSION = 4.2;
				TARGETED_DEVICE_FAMILY = "1,2";
			};
			name = Release;
		};
		55798BF52048783E00EB7F2F /* Debug */ = {
			isa = XCBuildConfiguration;
			buildSettings = {
				CODE_SIGN_STYLE = Automatic;
				DEVELOPMENT_TEAM = LVYGD8LLE9;
				INFOPLIST_FILE = GameTests/Info.plist;
				LD_RUNPATH_SEARCH_PATHS = (
					"$(inherited)",
					"@executable_path/Frameworks",
					"@loader_path/Frameworks",
				);
				PRODUCT_BUNDLE_IDENTIFIER = com.occ.GameTests;
				PRODUCT_NAME = "$(TARGET_NAME)";
				SWIFT_VERSION = 4.2;
				TARGETED_DEVICE_FAMILY = "1,2";
				TEST_TARGET_NAME = Game;
			};
			name = Debug;
		};
		55798BF62048783E00EB7F2F /* Release */ = {
			isa = XCBuildConfiguration;
			buildSettings = {
				CODE_SIGN_STYLE = Automatic;
				DEVELOPMENT_TEAM = LVYGD8LLE9;
				INFOPLIST_FILE = GameTests/Info.plist;
				LD_RUNPATH_SEARCH_PATHS = (
					"$(inherited)",
					"@executable_path/Frameworks",
					"@loader_path/Frameworks",
				);
				PRODUCT_BUNDLE_IDENTIFIER = com.occ.GameTests;
				PRODUCT_NAME = "$(TARGET_NAME)";
				SWIFT_VERSION = 4.2;
				TARGETED_DEVICE_FAMILY = "1,2";
				TEST_TARGET_NAME = Game;
			};
			name = Release;
		};
/* End XCBuildConfiguration section */

/* Begin XCConfigurationList section */
		55798BCF2048782F00EB7F2F /* Build configuration list for PBXProject "Game" */ = {
			isa = XCConfigurationList;
			buildConfigurations = (
				55798BE42048782F00EB7F2F /* Debug */,
				55798BE52048782F00EB7F2F /* Release */,
			);
			defaultConfigurationIsVisible = 0;
			defaultConfigurationName = Release;
		};
		55798BE62048782F00EB7F2F /* Build configuration list for PBXNativeTarget "Game" */ = {
			isa = XCConfigurationList;
			buildConfigurations = (
				55798BE72048782F00EB7F2F /* Debug */,
				55798BE82048782F00EB7F2F /* Release */,
			);
			defaultConfigurationIsVisible = 0;
			defaultConfigurationName = Release;
		};
		55798BF42048783E00EB7F2F /* Build configuration list for PBXNativeTarget "GameTests" */ = {
			isa = XCConfigurationList;
			buildConfigurations = (
				55798BF52048783E00EB7F2F /* Debug */,
				55798BF62048783E00EB7F2F /* Release */,
			);
			defaultConfigurationIsVisible = 0;
			defaultConfigurationName = Release;
		};
/* End XCConfigurationList section */
	};
	rootObject = 55798BCC2048782F00EB7F2F /* Project object */;
}
